
Microsoft Visual Studio Solution File, Format Version 12.00
# Visual Studio Express 2013 for Windows Desktop
VisualStudioVersion = 12.0.21005.1
MinimumVisualStudioVersion = 10.0.40219.1
Project("{FAE04EC0-301F-11D3-BF4B-00C04F79EFBC}") = "School", "11.Unit Testing\School.csproj", "{245D1CC8-5289-4CCC-957C-A7EAE8F82C83}"
EndProject
Project("{FAE04EC0-301F-11D3-BF4B-00C04F79EFBC}") = "TestSchool", "TestSchool\TestSchool.csproj", "{49428C46-5196-4251-974B-23C3B48B44C5}"
EndProject
Global
	GlobalSection(SolutionConfigurationPlatforms) = preSolution
		Debug|Any CPU = Debug|Any CPU
		Release|Any CPU = Release|Any CPU
	EndGlobalSection
	GlobalSection(ProjectConfigurationPlatforms) = postSolution
		{245D1CC8-5289-4CCC-957C-A7EAE8F82C83}.Debug|Any CPU.ActiveCfg = Debug|Any CPU
		{245D1CC8-5289-4CCC-957C-A7EAE8F82C83}.Debug|Any CPU.Build.0 = Debug|Any CPU
		{245D1CC8-5289-4CCC-957C-A7EAE8F82C83}.Release|Any CPU.ActiveCfg = Release|Any CPU
		{245D1CC8-5289-4CCC-957C-A7EAE8F82C83}.Release|Any CPU.Build.0 = Release|Any CPU
		{49428C46-5196-4251-974B-23C3B48B44C5}.Debug|Any CPU.ActiveCfg = Debug|Any CPU
		{49428C46-5196-4251-974B-23C3B48B44C5}.Debug|Any CPU.Build.0 = Debug|Any CPU
		{49428C46-5196-4251-974B-23C3B48B44C5}.Release|Any CPU.ActiveCfg = Release|Any CPU
		{49428C46-5196-4251-974B-23C3B48B44C5}.Release|Any CPU.Build.0 = Release|Any CPU
	EndGlobalSection
	GlobalSection(SolutionProperties) = preSolution
		HideSolutionNode = FALSE
	EndGlobalSection
EndGlobal
